{
  "name": "vulkan-grafica",
  "version": "1.0.0",
  "lockfileVersion": 1,
  "requires": true,
  "dependencies": {
    "nvk": {
      "version": "0.8.0",
      "resolved": "https://registry.npmjs.org/nvk/-/nvk-0.8.0.tgz",
      "integrity": "sha512-2XWg4u0wFVds/r3y6ePrrvtMcs/YC7APoT5psnFPEYmjvdxfD9Bl8MZ3bjnInvmlcqrVBh9LQvOdEF/ZU25n1Q=="
    }
  }
}
