{
  "name": "vulkan-grafica",
  "version": "1.0.0",
  "lockfileVersion": 1,
  "requires": true,
  "dependencies": {
    "@types/node": {
      "version": "14.14.19",
      "resolved": "https://registry.npmjs.org/@types/node/-/node-14.14.19.tgz",
      "integrity": "sha512-4nhBPStMK04rruRVtVc6cDqhu7S9GZai0fpXgPXrFpcPX6Xul8xnrjSdGB4KPBVYG/R5+fXWdCM8qBoiULWGPQ==",
      "dev": true
    },
    "estree-walker": {
      "version": "1.0.1",
      "resolved": "https://registry.npmjs.org/estree-walker/-/estree-walker-1.0.1.tgz",
      "integrity": "sha512-1fMXF3YP4pZZVozF8j/ZLfvnR8NSIljt56UhbZ5PeeDmmGHpgpdwQt7ITlGvYaQukCvuBRMLEiKiYC+oeIg4cg=="
    },
    "gl-matrix": {
      "version": "3.3.0",
      "resolved": "https://registry.npmjs.org/gl-matrix/-/gl-matrix-3.3.0.tgz",
      "integrity": "sha512-COb7LDz+SXaHtl/h4LeaFcNdJdAQSDeVqjiIihSXNrkWObZLhDI4hIkZC11Aeqp7bcE72clzB0BnDXr2SmslRA=="
    },
    "magic-string": {
      "version": "0.25.7",
      "resolved": "https://registry.npmjs.org/magic-string/-/magic-string-0.25.7.tgz",
      "integrity": "sha512-4CrMT5DOHTDk4HYDlzmwu4FVCcIYI8gauveasrdCu2IKIFOJ3f0v/8MDGJCDL9oD2ppz/Av1b0Nj345H9M+XIA==",
      "requires": {
        "sourcemap-codec": "^1.4.4"
      }
    },
    "nvk": {
      "version": "0.8.0",
      "resolved": "https://registry.npmjs.org/nvk/-/nvk-0.8.0.tgz",
      "integrity": "sha512-2XWg4u0wFVds/r3y6ePrrvtMcs/YC7APoT5psnFPEYmjvdxfD9Bl8MZ3bjnInvmlcqrVBh9LQvOdEF/ZU25n1Q=="
    },
    "nvk-essentials": {
      "version": "0.1.2",
      "resolved": "https://registry.npmjs.org/nvk-essentials/-/nvk-essentials-0.1.2.tgz",
      "integrity": "sha512-m4xbAx9/BlT0oT3wSufMdkvVqc9olpkAMlavQnQYgm07QauF6TuiM9+ynRX9/Px9W6mWiIhQ2k9fYQUk7rMSgQ=="
    },
    "nvk-struct-cache": {
      "version": "0.0.2",
      "resolved": "https://registry.npmjs.org/nvk-struct-cache/-/nvk-struct-cache-0.0.2.tgz",
      "integrity": "sha512-sY2SlyqMzKX1yaH2+MPAbI7d2s+g8K714Wkbyn64wekb+wLe0cjgF0k5KKwug1fTE27NxaKFWmnSZTpAtQ8txg==",
      "requires": {
        "estree-walker": "^1.0.0",
        "magic-string": "^0.25.4"
      }
    },
    "pngjs": {
      "version": "3.4.0",
      "resolved": "https://registry.npmjs.org/pngjs/-/pngjs-3.4.0.tgz",
      "integrity": "sha512-NCrCHhWmnQklfH4MtJMRjZ2a8c80qXeMlQMv2uVp9ISJMTt562SbGd6n2oq0PaPgKm7Z6pL9E2UlLIhC+SHL3w=="
    },
    "sourcemap-codec": {
      "version": "1.4.8",
      "resolved": "https://registry.npmjs.org/sourcemap-codec/-/sourcemap-codec-1.4.8.tgz",
      "integrity": "sha512-9NykojV5Uih4lgo5So5dtw+f0JgJX30KCNI8gwhz2J9A15wD0Ml6tjHKwf6fTSa6fAdVBdZeNOs9eJ71qCk8vA=="
    },
    "tolw": {
      "version": "0.1.8",
      "resolved": "https://registry.npmjs.org/tolw/-/tolw-0.1.8.tgz",
      "integrity": "sha512-olxkOErscYps+5LaBCEOpYbR9MuK3NiUNz2eojPVu6CCxOmZXvf07O405au/Cd2HdevnRCPS6mWo8tlIbTxbVQ=="
    }
  }
}
